
Microsoft Visual Studio Solution File, Format Version 12.00
# Visual Studio Version 16
VisualStudioVersion = 16.0.31727.386
MinimumVisualStudioVersion = 10.0.40219.1
Project("{9A19103F-16F7-4668-BE54-9A1E7A4F7556}") = "U0K109_HFT_2021221.Client", "U0K109_HFT_2021221.Client\U0K109_HFT_2021221.Client.csproj", "{795BDEF5-59C6-4673-8B14-2751676C301A}"
EndProject
Project("{9A19103F-16F7-4668-BE54-9A1E7A4F7556}") = "U0K109_HFT_2021221.Models", "U0K109_HFT_2021221.Models\U0K109_HFT_2021221.Models.csproj", "{75190F68-CE46-44B9-A325-277FD318EBDB}"
EndProject
Project("{9A19103F-16F7-4668-BE54-9A1E7A4F7556}") = "U0K109_HFT_2021221.Data", "U0K109_HFT_2021221.Data\U0K109_HFT_2021221.Data.csproj", "{0748B53A-17AC-4BA7-B227-C1B90C7D83FA}"
EndProject
Project("{9A19103F-16F7-4668-BE54-9A1E7A4F7556}") = "U0K109_HFT_2021221.Logic", "U0K109_HFT_2021221.Logic\U0K109_HFT_2021221.Logic.csproj", "{90DAE6F6-28CC-4015-B409-C0351D4FE60F}"
EndProject
Project("{9A19103F-16F7-4668-BE54-9A1E7A4F7556}") = "U0K109_HFT_2021221.Repository", "U0K109_HFT_2021221.Repository\U0K109_HFT_2021221.Repository.csproj", "{19376B7D-1883-4F76-8B1F-2CD3F48342D1}"
EndProject
Project("{9A19103F-16F7-4668-BE54-9A1E7A4F7556}") = "U0K109_HFT_2021221.Endpoint", "U0K109_HFT_2021221.Endpoint\U0K109_HFT_2021221.Endpoint.csproj", "{ECD35EB0-F859-4E27-BA72-7053AF179A9E}"
EndProject
Project("{9A19103F-16F7-4668-BE54-9A1E7A4F7556}") = "U0K109_HFT_2021221.Test", "U0K109_HFT_2021221.Test\U0K109_HFT_2021221.Test.csproj", "{187AEDD8-70B0-4EE8-87E7-F39D9F5CD319}"
EndProject
Project("{2150E333-8FDC-42A3-9474-1A3956D46DE8}") = "Backend", "Backend", "{26485A93-F74B-4132-B846-4C92464F2447}"
EndProject
Project("{2150E333-8FDC-42A3-9474-1A3956D46DE8}") = "Frontend", "Frontend", "{5E939990-2A9E-47AC-80A7-8ADB45A7785B}"
EndProject
Project("{2150E333-8FDC-42A3-9474-1A3956D46DE8}") = "Shared", "Shared", "{DA6739FF-E3B8-4935-8B22-D13C30262E7F}"
EndProject
Project("{2150E333-8FDC-42A3-9474-1A3956D46DE8}") = "Others", "Others", "{A15DC0AD-1B62-4172-9FBC-9A2EE927F562}"
	ProjectSection(SolutionItems) = preProject
		.gitignore = .gitignore
	EndProjectSection
EndProject
Project("{FAE04EC0-301F-11D3-BF4B-00C04F79EFBC}") = "U0K109_HFT_2021221.WpfClient", "U0K109_HFT_2021221.WpfClient\U0K109_HFT_2021221.WpfClient.csproj", "{2A848399-5E79-4B02-8C07-FBD268CFF443}"
EndProject
Global
	GlobalSection(SolutionConfigurationPlatforms) = preSolution
		Debug|Any CPU = Debug|Any CPU
		Release|Any CPU = Release|Any CPU
	EndGlobalSection
	GlobalSection(ProjectConfigurationPlatforms) = postSolution
		{795BDEF5-59C6-4673-8B14-2751676C301A}.Debug|Any CPU.ActiveCfg = Debug|Any CPU
		{795BDEF5-59C6-4673-8B14-2751676C301A}.Debug|Any CPU.Build.0 = Debug|Any CPU
		{795BDEF5-59C6-4673-8B14-2751676C301A}.Release|Any CPU.ActiveCfg = Release|Any CPU
		{795BDEF5-59C6-4673-8B14-2751676C301A}.Release|Any CPU.Build.0 = Release|Any CPU
		{75190F68-CE46-44B9-A325-277FD318EBDB}.Debug|Any CPU.ActiveCfg = Debug|Any CPU
		{75190F68-CE46-44B9-A325-277FD318EBDB}.Debug|Any CPU.Build.0 = Debug|Any CPU
		{75190F68-CE46-44B9-A325-277FD318EBDB}.Release|Any CPU.ActiveCfg = Release|Any CPU
		{75190F68-CE46-44B9-A325-277FD318EBDB}.Release|Any CPU.Build.0 = Release|Any CPU
		{0748B53A-17AC-4BA7-B227-C1B90C7D83FA}.Debug|Any CPU.ActiveCfg = Debug|Any CPU
		{0748B53A-17AC-4BA7-B227-C1B90C7D83FA}.Debug|Any CPU.Build.0 = Debug|Any CPU
		{0748B53A-17AC-4BA7-B227-C1B90C7D83FA}.Release|Any CPU.ActiveCfg = Release|Any CPU
		{0748B53A-17AC-4BA7-B227-C1B90C7D83FA}.Release|Any CPU.Build.0 = Release|Any CPU
		{90DAE6F6-28CC-4015-B409-C0351D4FE60F}.Debug|Any CPU.ActiveCfg = Debug|Any CPU
		{90DAE6F6-28CC-4015-B409-C0351D4FE60F}.Debug|Any CPU.Build.0 = Debug|Any CPU
		{90DAE6F6-28CC-4015-B409-C0351D4FE60F}.Release|Any CPU.ActiveCfg = Release|Any CPU
		{90DAE6F6-28CC-4015-B409-C0351D4FE60F}.Release|Any CPU.Build.0 = Release|Any CPU
		{19376B7D-1883-4F76-8B1F-2CD3F48342D1}.Debug|Any CPU.ActiveCfg = Debug|Any CPU
		{19376B7D-1883-4F76-8B1F-2CD3F48342D1}.Debug|Any CPU.Build.0 = Debug|Any CPU
		{19376B7D-1883-4F76-8B1F-2CD3F48342D1}.Release|Any CPU.ActiveCfg = Release|Any CPU
		{19376B7D-1883-4F76-8B1F-2CD3F48342D1}.Release|Any CPU.Build.0 = Release|Any CPU
		{ECD35EB0-F859-4E27-BA72-7053AF179A9E}.Debug|Any CPU.ActiveCfg = Debug|Any CPU
		{ECD35EB0-F859-4E27-BA72-7053AF179A9E}.Debug|Any CPU.Build.0 = Debug|Any CPU
		{ECD35EB0-F859-4E27-BA72-7053AF179A9E}.Release|Any CPU.ActiveCfg = Release|Any CPU
		{ECD35EB0-F859-4E27-BA72-7053AF179A9E}.Release|Any CPU.Build.0 = Release|Any CPU
		{187AEDD8-70B0-4EE8-87E7-F39D9F5CD319}.Debug|Any CPU.ActiveCfg = Debug|Any CPU
		{187AEDD8-70B0-4EE8-87E7-F39D9F5CD319}.Debug|Any CPU.Build.0 = Debug|Any CPU
		{187AEDD8-70B0-4EE8-87E7-F39D9F5CD319}.Release|Any CPU.ActiveCfg = Release|Any CPU
		{187AEDD8-70B0-4EE8-87E7-F39D9F5CD319}.Release|Any CPU.Build.0 = Release|Any CPU
		{2A848399-5E79-4B02-8C07-FBD268CFF443}.Debug|Any CPU.ActiveCfg = Debug|Any CPU
		{2A848399-5E79-4B02-8C07-FBD268CFF443}.Debug|Any CPU.Build.0 = Debug|Any CPU
		{2A848399-5E79-4B02-8C07-FBD268CFF443}.Release|Any CPU.ActiveCfg = Release|Any CPU
		{2A848399-5E79-4B02-8C07-FBD268CFF443}.Release|Any CPU.Build.0 = Release|Any CPU
	EndGlobalSection
	GlobalSection(SolutionProperties) = preSolution
		HideSolutionNode = FALSE
	EndGlobalSection
	GlobalSection(NestedProjects) = preSolution
		{795BDEF5-59C6-4673-8B14-2751676C301A} = {5E939990-2A9E-47AC-80A7-8ADB45A7785B}
		{75190F68-CE46-44B9-A325-277FD318EBDB} = {DA6739FF-E3B8-4935-8B22-D13C30262E7F}
		{0748B53A-17AC-4BA7-B227-C1B90C7D83FA} = {26485A93-F74B-4132-B846-4C92464F2447}
		{90DAE6F6-28CC-4015-B409-C0351D4FE60F} = {26485A93-F74B-4132-B846-4C92464F2447}
		{19376B7D-1883-4F76-8B1F-2CD3F48342D1} = {26485A93-F74B-4132-B846-4C92464F2447}
		{ECD35EB0-F859-4E27-BA72-7053AF179A9E} = {26485A93-F74B-4132-B846-4C92464F2447}
		{187AEDD8-70B0-4EE8-87E7-F39D9F5CD319} = {26485A93-F74B-4132-B846-4C92464F2447}
	EndGlobalSection
	GlobalSection(ExtensibilityGlobals) = postSolution
		SolutionGuid = {01E5FFF5-6BEE-4012-A873-BB4DB7DA29DF}
	EndGlobalSection
EndGlobal
